// !$*UTF8*$!
{
	archiveVersion = 1;
	classes = {
	};
	objectVersion = 46;
	objects = {

/* Begin PBXBuildFile section */
		4005E1291DFFB57000AE9723 /* AppDelegate.swift in Sources */ = {isa = PBXBuildFile; fileRef = 4005E1281DFFB57000AE9723 /* AppDelegate.swift */; };
		4005E12B1DFFB57000AE9723 /* ViewController.swift in Sources */ = {isa = PBXBuildFile; fileRef = 4005E12A1DFFB57000AE9723 /* ViewController.swift */; };
		4005E12E1DFFB57000AE9723 /* Main.storyboard in Resources */ = {isa = PBXBuildFile; fileRef = 4005E12C1DFFB57000AE9723 /* Main.storyboard */; };
		4005E1301DFFB57000AE9723 /* Assets.xcassets in Resources */ = {isa = PBXBuildFile; fileRef = 4005E12F1DFFB57000AE9723 /* Assets.xcassets */; };
		4005E1331DFFB57000AE9723 /* LaunchScreen.storyboard in Resources */ = {isa = PBXBuildFile; fileRef = 4005E1311DFFB57000AE9723 /* LaunchScreen.storyboard */; };
		40DA3F161DFFBB9F003325A6 /* pokemon.csv in Resources */ = {isa = PBXBuildFile; fileRef = 40DA3F151DFFBB9F003325A6 /* pokemon.csv */; };
/* End PBXBuildFile section */

/* Begin PBXFileReference section */
		4005E1251DFFB57000AE9723 /* Pokedex.app */ = {isa = PBXFileReference; explicitFileType = wrapper.application; includeInIndex = 0; path = Pokedex.app; sourceTree = BUILT_PRODUCTS_DIR; };
		4005E1281DFFB57000AE9723 /* AppDelegate.swift */ = {isa = PBXFileReference; lastKnownFileType = sourcecode.swift; path = AppDelegate.swift; sourceTree = "<group>"; };
		4005E12A1DFFB57000AE9723 /* ViewController.swift */ = {isa = PBXFileReference; lastKnownFileType = sourcecode.swift; path = ViewController.swift; sourceTree = "<group>"; };
		4005E12D1DFFB57000AE9723 /* Base */ = {isa = PBXFileReference; lastKnownFileType = file.storyboard; name = Base; path = Base.lproj/Main.storyboard; sourceTree = "<group>"; };
		4005E12F1DFFB57000AE9723 /* Assets.xcassets */ = {isa = PBXFileReference; lastKnownFileType = folder.assetcatalog; path = Assets.xcassets; sourceTree = "<group>"; };
		4005E1321DFFB57000AE9723 /* Base */ = {isa = PBXFileReference; lastKnownFileType = file.storyboard; name = Base; path = Base.lproj/LaunchScreen.storyboard; sourceTree = "<group>"; };
		4005E1341DFFB57000AE9723 /* Info.plist */ = {isa = PBXFileReference; lastKnownFileType = text.plist.xml; path = Info.plist; sourceTree = "<group>"; };
		40DA3F151DFFBB9F003325A6 /* pokemon.csv */ = {isa = PBXFileReference; fileEncoding = 4; lastKnownFileType = text; path = pokemon.csv; sourceTree = "<group>"; };
/* End PBXFileReference section */

/* Begin PBXFrameworksBuildPhase section */
		4005E1221DFFB57000AE9723 /* Frameworks */ = {
			isa = PBXFrameworksBuildPhase;
			buildActionMask = 2147483647;
			files = (
			);
			runOnlyForDeploymentPostprocessing = 0;
		};
/* End PBXFrameworksBuildPhase section */

/* Begin PBXGroup section */
		4005E11C1DFFB57000AE9723 = {
			isa = PBXGroup;
			children = (
				4005E1271DFFB57000AE9723 /* Pokedex */,
				4005E1261DFFB57000AE9723 /* Products */,
			);
			sourceTree = "<group>";
		};
		4005E1261DFFB57000AE9723 /* Products */ = {
			isa = PBXGroup;
			children = (
				4005E1251DFFB57000AE9723 /* Pokedex.app */,
			);
			name = Products;
			sourceTree = "<group>";
		};
		4005E1271DFFB57000AE9723 /* Pokedex */ = {
			isa = PBXGroup;
			children = (
				40DA3F141DFFBB21003325A6 /* Resources */,
				4005E1281DFFB57000AE9723 /* AppDelegate.swift */,
				4005E12A1DFFB57000AE9723 /* ViewController.swift */,
				4005E12C1DFFB57000AE9723 /* Main.storyboard */,
				4005E12F1DFFB57000AE9723 /* Assets.xcassets */,
				4005E1311DFFB57000AE9723 /* LaunchScreen.storyboard */,
				4005E1341DFFB57000AE9723 /* Info.plist */,
			);
			path = Pokedex;
			sourceTree = "<group>";
		};
		40DA3F141DFFBB21003325A6 /* Resources */ = {
			isa = PBXGroup;
			children = (
				40DA3F151DFFBB9F003325A6 /* pokemon.csv */,
			);
			name = Resources;
			sourceTree = "<group>";
		};
/* End PBXGroup section */

/* Begin PBXNativeTarget section */
		4005E1241DFFB57000AE9723 /* Pokedex */ = {
			isa = PBXNativeTarget;
			buildConfigurationList = 4005E1371DFFB57000AE9723 /* Build configuration list for PBXNativeTarget "Pokedex" */;
			buildPhases = (
				4005E1211DFFB57000AE9723 /* Sources */,
				4005E1221DFFB57000AE9723 /* Frameworks */,
				4005E1231DFFB57000AE9723 /* Resources */,
			);
			buildRules = (
			);
			dependencies = (
			);
			name = Pokedex;
			productName = Pokedex;
			productReference = 4005E1251DFFB57000AE9723 /* Pokedex.app */;
			productType = "com.apple.product-type.application";
		};
/* End PBXNativeTarget section */

/* Begin PBXProject section */
		4005E11D1DFFB57000AE9723 /* Project object */ = {
			isa = PBXProject;
			attributes = {
				LastSwiftUpdateCheck = 0810;
				LastUpgradeCheck = 0810;
				ORGANIZATIONNAME = "Bono Kim";
				TargetAttributes = {
					4005E1241DFFB57000AE9723 = {
						CreatedOnToolsVersion = 8.1;
						DevelopmentTeam = 8XAJ796C7E;
						ProvisioningStyle = Automatic;
					};
				};
			};
			buildConfigurationList = 4005E1201DFFB57000AE9723 /* Build configuration list for PBXProject "Pokedex" */;
			compatibilityVersion = "Xcode 3.2";
			developmentRegion = English;
			hasScannedForEncodings = 0;
			knownRegions = (
				en,
				Base,
			);
			mainGroup = 4005E11C1DFFB57000AE9723;
			productRefGroup = 4005E1261DFFB57000AE9723 /* Products */;
			projectDirPath = "";
			projectRoot = "";
			targets = (
				4005E1241DFFB57000AE9723 /* Pokedex */,
			);
		};
/* End PBXProject section */

/* Begin PBXResourcesBuildPhase section */
		4005E1231DFFB57000AE9723 /* Resources */ = {
			isa = PBXResourcesBuildPhase;
			buildActionMask = 2147483647;
			files = (
				4005E1331DFFB57000AE9723 /* LaunchScreen.storyboard in Resources */,
				4005E1301DFFB57000AE9723 /* Assets.xcassets in Resources */,
				40DA3F161DFFBB9F003325A6 /* pokemon.csv in Resources */,
				4005E12E1DFFB57000AE9723 /* Main.storyboard in Resources */,
			);
			runOnlyForDeploymentPostprocessing = 0;
		};
/* End PBXResourcesBuildPhase section */

/* Begin PBXSourcesBuildPhase section */
		4005E1211DFFB57000AE9723 /* Sources */ = {
			isa = PBXSourcesBuildPhase;
			buildActionMask = 2147483647;
			files = (
				4005E12B1DFFB57000AE9723 /* ViewController.swift in Sources */,
				4005E1291DFFB57000AE9723 /* AppDelegate.swift in Sources */,
			);
			runOnlyForDeploymentPostprocessing = 0;
		};
/* End PBXSourcesBuildPhase section */

/* Begin PBXVariantGroup section */
		4005E12C1DFFB57000AE9723 /* Main.storyboard */ = {
			isa = PBXVariantGroup;
			children = (
				4005E12D1DFFB57000AE9723 /* Base */,
			);
			name = Main.storyboard;
			sourceTree = "<group>";
		};
		4005E1311DFFB57000AE9723 /* LaunchScreen.storyboard */ = {
			isa = PBXVariantGroup;
			children = (
				4005E1321DFFB57000AE9723 /* Base */,
			);
			name = LaunchScreen.storyboard;
			sourceTree = "<group>";
		};
/* End PBXVariantGroup section */

/* Begin XCBuildConfiguration section */
		4005E1351DFFB57000AE9723 /* Debug */ = {
			isa = XCBuildConfiguration;
			buildSettings = {
				ALWAYS_SEARCH_USER_PATHS = NO;
				CLANG_ANALYZER_NONNULL = YES;
				CLANG_CXX_LANGUAGE_STANDARD = "gnu++0x";
				CLANG_CXX_LIBRARY = "libc++";
				CLANG_ENABLE_MODULES = YES;
				CLANG_ENABLE_OBJC_ARC = YES;
				CLANG_WARN_BOOL_CONVERSION = YES;
				CLANG_WARN_CONSTANT_CONVERSION = YES;
				CLANG_WARN_DIRECT_OBJC_ISA_USAGE = YES_ERROR;
				CLANG_WARN_DOCUMENTATION_COMMENTS = YES;
				CLANG_WARN_EMPTY_BODY = YES;
				CLANG_WARN_ENUM_CONVERSION = YES;
				CLANG_WARN_INFINITE_RECURSION = YES;
				CLANG_WARN_INT_CONVERSION = YES;
				CLANG_WARN_OBJC_ROOT_CLASS = YES_ERROR;
				CLANG_WARN_SUSPICIOUS_MOVES = YES;
				CLANG_WARN_UNREACHABLE_CODE = YES;
				CLANG_WARN__DUPLICATE_METHOD_MATCH = YES;
				"CODE_SIGN_IDENTITY[sdk=iphoneos*]" = "iPhone Developer";
				COPY_PHASE_STRIP = NO;
				DEBUG_INFORMATION_FORMAT = dwarf;
				ENABLE_STRICT_OBJC_MSGSEND = YES;
				ENABLE_TESTABILITY = YES;
				GCC_C_LANGUAGE_STANDARD = gnu99;
				GCC_DYNAMIC_NO_PIC = NO;
				GCC_NO_COMMON_BLOCKS = YES;
				GCC_OPTIMIZATION_LEVEL = 0;
				GCC_PREPROCESSOR_DEFINITIONS = (
					"DEBUG=1",
					"$(inherited)",
				);
				GCC_WARN_64_TO_32_BIT_CONVERSION = YES;
				GCC_WARN_ABOUT_RETURN_TYPE = YES_ERROR;
				GCC_WARN_UNDECLARED_SELECTOR = YES;
				GCC_WARN_UNINITIALIZED_AUTOS = YES_AGGRESSIVE;
				GCC_WARN_UNUSED_FUNCTION = YES;
				GCC_WARN_UNUSED_VARIABLE = YES;
				IPHONEOS_DEPLOYMENT_TARGET = 10.1;
				MTL_ENABLE_DEBUG_INFO = YES;
				ONLY_ACTIVE_ARCH = YES;
				SDKROOT = iphoneos;
				SWIFT_ACTIVE_COMPILATION_CONDITIONS = DEBUG;
				SWIFT_OPTIMIZATION_LEVEL = "-Onone";
			};
			name = Debug;
		};
		4005E1361DFFB57000AE9723 /* Release */ = {
			isa = XCBuildConfiguration;
			buildSettings = {
				ALWAYS_SEARCH_USER_PATHS = NO;
				CLANG_ANALYZER_NONNULL = YES;
				CLANG_CXX_LANGUAGE_STANDARD = "gnu++0x";
				CLANG_CXX_LIBRARY = "libc++";
				CLANG_ENABLE_MODULES = YES;
				CLANG_ENABLE_OBJC_ARC = YES;
				CLANG_WARN_BOOL_CONVERSION = YES;
				CLANG_WARN_CONSTANT_CONVERSION = YES;
				CLANG_WARN_DIRECT_OBJC_ISA_USAGE = YES_ERROR;
				CLANG_WARN_DOCUMENTATION_COMMENTS = YES;
				CLANG_WARN_EMPTY_BODY = YES;
				CLANG_WARN_ENUM_CONVERSION = YES;
				CLANG_WARN_INFINITE_RECURSION = YES;
				CLANG_WARN_INT_CONVERSION = YES;
				CLANG_WARN_OBJC_ROOT_CLASS = YES_ERROR;
				CLANG_WARN_SUSPICIOUS_MOVES = YES;
				CLANG_WARN_UNREACHABLE_CODE = YES;
				CLANG_WARN__DUPLICATE_METHOD_MATCH = YES;
				"CODE_SIGN_IDENTITY[sdk=iphoneos*]" = "iPhone Developer";
				COPY_PHASE_STRIP = NO;
				DEBUG_INFORMATION_FORMAT = "dwarf-with-dsym";
				ENABLE_NS_ASSERTIONS = NO;
				ENABLE_STRICT_OBJC_MSGSEND = YES;
				GCC_C_LANGUAGE_STANDARD = gnu99;
				GCC_NO_COMMON_BLOCKS = YES;
				GCC_WARN_64_TO_32_BIT_CONVERSION = YES;
				GCC_WARN_ABOUT_RETURN_TYPE = YES_ERROR;
				GCC_WARN_UNDECLARED_SELECTOR = YES;
				GCC_WARN_UNINITIALIZED_AUTOS = YES_AGGRESSIVE;
				GCC_WARN_UNUSED_FUNCTION = YES;
				GCC_WARN_UNUSED_VARIABLE = YES;
				IPHONEOS_DEPLOYMENT_TARGET = 10.1;
				MTL_ENABLE_DEBUG_INFO = NO;
				SDKROOT = iphoneos;
				SWIFT_OPTIMIZATION_LEVEL = "-Owholemodule";
				VALIDATE_PRODUCT = YES;
			};
			name = Release;
		};
		4005E1381DFFB57000AE9723 /* Debug */ = {
			isa = XCBuildConfiguration;
			buildSettings = {
				ASSETCATALOG_COMPILER_APPICON_NAME = AppIcon;
				DEVELOPMENT_TEAM = 8XAJ796C7E;
				INFOPLIST_FILE = Pokedex/Info.plist;
				LD_RUNPATH_SEARCH_PATHS = "$(inherited) @executable_path/Frameworks";
				PRODUCT_BUNDLE_IDENTIFIER = com.wombat.Pokedex;
				PRODUCT_NAME = "$(TARGET_NAME)";
				SWIFT_VERSION = 3.0;
			};
			name = Debug;
		};
		4005E1391DFFB57000AE9723 /* Release */ = {
			isa = XCBuildConfiguration;
			buildSettings = {
				ASSETCATALOG_COMPILER_APPICON_NAME = AppIcon;
				DEVELOPMENT_TEAM = 8XAJ796C7E;
				INFOPLIST_FILE = Pokedex/Info.plist;
				LD_RUNPATH_SEARCH_PATHS = "$(inherited) @executable_path/Frameworks";
				PRODUCT_BUNDLE_IDENTIFIER = com.wombat.Pokedex;
				PRODUCT_NAME = "$(TARGET_NAME)";
				SWIFT_VERSION = 3.0;
			};
			name = Release;
		};
/* End XCBuildConfiguration section */

/* Begin XCConfigurationList section */
		4005E1201DFFB57000AE9723 /* Build configuration list for PBXProject "Pokedex" */ = {
			isa = XCConfigurationList;
			buildConfigurations = (
				4005E1351DFFB57000AE9723 /* Debug */,
				4005E1361DFFB57000AE9723 /* Release */,
			);
			defaultConfigurationIsVisible = 0;
			defaultConfigurationName = Release;
		};
		4005E1371DFFB57000AE9723 /* Build configuration list for PBXNativeTarget "Pokedex" */ = {
			isa = XCConfigurationList;
			buildConfigurations = (
				4005E1381DFFB57000AE9723 /* Debug */,
				4005E1391DFFB57000AE9723 /* Release */,
			);
			defaultConfigurationIsVisible = 0;
			defaultConfigurationName = Release;
		};
/* End XCConfigurationList section */
	};
	rootObject = 4005E11D1DFFB57000AE9723 /* Project object */;
}
